
Microsoft Visual Studio Solution File, Format Version 12.00
# Visual Studio Version 17
VisualStudioVersion = 17.2.32630.192
MinimumVisualStudioVersion = 10.0.40219.1
Project("{9A19103F-16F7-4668-BE54-9A1E7A4F7556}") = "Quiz7Mojos.Server", "Quiz7Mojos.Server\Quiz7Mojos.Server.csproj", "{56D9993B-6352-4820-9F24-18E51D3042D8}"
EndProject
Project("{9A19103F-16F7-4668-BE54-9A1E7A4F7556}") = "Quiz7Mojos.Client", "Quiz7Mojos.Client\Quiz7Mojos.Client.csproj", "{49F5A3FE-14C0-41AE-9D10-BBAB452773F5}"
EndProject
Project("{FAE04EC0-301F-11D3-BF4B-00C04F79EFBC}") = "Quiz7Mojos.Common", "Quiz7Mojos.Common\Quiz7Mojos.Common.csproj", "{DAA776F8-935C-43B4-9112-503B35FF787F}"
EndProject
Global
	GlobalSection(SolutionConfigurationPlatforms) = preSolution
		Debug|Any CPU = Debug|Any CPU
		Release|Any CPU = Release|Any CPU
	EndGlobalSection
	GlobalSection(ProjectConfigurationPlatforms) = postSolution
		{56D9993B-6352-4820-9F24-18E51D3042D8}.Debug|Any CPU.ActiveCfg = Debug|Any CPU
		{56D9993B-6352-4820-9F24-18E51D3042D8}.Debug|Any CPU.Build.0 = Debug|Any CPU
		{56D9993B-6352-4820-9F24-18E51D3042D8}.Release|Any CPU.ActiveCfg = Release|Any CPU
		{56D9993B-6352-4820-9F24-18E51D3042D8}.Release|Any CPU.Build.0 = Release|Any CPU
		{49F5A3FE-14C0-41AE-9D10-BBAB452773F5}.Debug|Any CPU.ActiveCfg = Debug|Any CPU
		{49F5A3FE-14C0-41AE-9D10-BBAB452773F5}.Debug|Any CPU.Build.0 = Debug|Any CPU
		{49F5A3FE-14C0-41AE-9D10-BBAB452773F5}.Release|Any CPU.ActiveCfg = Release|Any CPU
		{49F5A3FE-14C0-41AE-9D10-BBAB452773F5}.Release|Any CPU.Build.0 = Release|Any CPU
		{DAA776F8-935C-43B4-9112-503B35FF787F}.Debug|Any CPU.ActiveCfg = Debug|Any CPU
		{DAA776F8-935C-43B4-9112-503B35FF787F}.Debug|Any CPU.Build.0 = Debug|Any CPU
		{DAA776F8-935C-43B4-9112-503B35FF787F}.Release|Any CPU.ActiveCfg = Release|Any CPU
		{DAA776F8-935C-43B4-9112-503B35FF787F}.Release|Any CPU.Build.0 = Release|Any CPU
	EndGlobalSection
	GlobalSection(SolutionProperties) = preSolution
		HideSolutionNode = FALSE
	EndGlobalSection
	GlobalSection(ExtensibilityGlobals) = postSolution
		SolutionGuid = {F40A7D7B-8B29-4B02-BD77-4797198C707C}
	EndGlobalSection
EndGlobal
